
Microsoft Visual Studio Solution File, Format Version 12.00
# Visual Studio Version 16
VisualStudioVersion = 16.0.29806.167
MinimumVisualStudioVersion = 10.0.40219.1
Project("{8BC9CEB8-8B4A-11D0-8D11-00A0C91BC942}") = "chess_oop", "chess_oop\chess_oop.vcxproj", "{6AD58CAF-151B-4BF8-94BC-69B10BDFC057}"
EndProject
Project("{8BC9CEB8-8B4A-11D0-8D11-00A0C91BC942}") = "ChessTests", "ChessTests\ChessTests.vcxproj", "{B6EB92A1-65C2-4A5A-9913-0F4DD53110A2}"
EndProject
Global
	GlobalSection(SolutionConfigurationPlatforms) = preSolution
		Debug|x64 = Debug|x64
		Debug|x86 = Debug|x86
		Release|x64 = Release|x64
		Release|x86 = Release|x86
	EndGlobalSection
	GlobalSection(ProjectConfigurationPlatforms) = postSolution
		{6AD58CAF-151B-4BF8-94BC-69B10BDFC057}.Debug|x64.ActiveCfg = Debug|x64
		{6AD58CAF-151B-4BF8-94BC-69B10BDFC057}.Debug|x64.Build.0 = Debug|x64
		{6AD58CAF-151B-4BF8-94BC-69B10BDFC057}.Debug|x86.ActiveCfg = Debug|Win32
		{6AD58CAF-151B-4BF8-94BC-69B10BDFC057}.Debug|x86.Build.0 = Debug|Win32
		{6AD58CAF-151B-4BF8-94BC-69B10BDFC057}.Release|x64.ActiveCfg = Release|x64
		{6AD58CAF-151B-4BF8-94BC-69B10BDFC057}.Release|x64.Build.0 = Release|x64
		{6AD58CAF-151B-4BF8-94BC-69B10BDFC057}.Release|x86.ActiveCfg = Release|Win32
		{6AD58CAF-151B-4BF8-94BC-69B10BDFC057}.Release|x86.Build.0 = Release|Win32
		{B6EB92A1-65C2-4A5A-9913-0F4DD53110A2}.Debug|x64.ActiveCfg = Debug|x64
		{B6EB92A1-65C2-4A5A-9913-0F4DD53110A2}.Debug|x64.Build.0 = Debug|x64
		{B6EB92A1-65C2-4A5A-9913-0F4DD53110A2}.Debug|x86.ActiveCfg = Debug|Win32
		{B6EB92A1-65C2-4A5A-9913-0F4DD53110A2}.Debug|x86.Build.0 = Debug|Win32
		{B6EB92A1-65C2-4A5A-9913-0F4DD53110A2}.Release|x64.ActiveCfg = Release|x64
		{B6EB92A1-65C2-4A5A-9913-0F4DD53110A2}.Release|x64.Build.0 = Release|x64
		{B6EB92A1-65C2-4A5A-9913-0F4DD53110A2}.Release|x86.ActiveCfg = Release|Win32
		{B6EB92A1-65C2-4A5A-9913-0F4DD53110A2}.Release|x86.Build.0 = Release|Win32
	EndGlobalSection
	GlobalSection(SolutionProperties) = preSolution
		HideSolutionNode = FALSE
	EndGlobalSection
	GlobalSection(ExtensibilityGlobals) = postSolution
		SolutionGuid = {13C35E5A-A15D-4771-BB71-CE8654D9178A}
	EndGlobalSection
EndGlobal
